
Microsoft Visual Studio Solution File, Format Version 12.00
# Visual Studio Version 16
VisualStudioVersion = 16.0.31321.278
MinimumVisualStudioVersion = 10.0.40219.1
Project("{FAE04EC0-301F-11D3-BF4B-00C04F79EFBC}") = "Dev009_1", "Dev009_1\Dev009_1.csproj", "{66E678CF-BAA1-41D2-84CA-53FB0EA7F125}"
EndProject
Project("{FAE04EC0-301F-11D3-BF4B-00C04F79EFBC}") = "Dev009_2", "Dev009_2\Dev009_2.csproj", "{5DF6117D-2585-4A62-A116-0FB7F1BE74A7}"
EndProject
Global
	GlobalSection(SolutionConfigurationPlatforms) = preSolution
		Debug|Any CPU = Debug|Any CPU
		Release|Any CPU = Release|Any CPU
	EndGlobalSection
	GlobalSection(ProjectConfigurationPlatforms) = postSolution
		{66E678CF-BAA1-41D2-84CA-53FB0EA7F125}.Debug|Any CPU.ActiveCfg = Debug|Any CPU
		{66E678CF-BAA1-41D2-84CA-53FB0EA7F125}.Debug|Any CPU.Build.0 = Debug|Any CPU
		{66E678CF-BAA1-41D2-84CA-53FB0EA7F125}.Release|Any CPU.ActiveCfg = Release|Any CPU
		{66E678CF-BAA1-41D2-84CA-53FB0EA7F125}.Release|Any CPU.Build.0 = Release|Any CPU
		{5DF6117D-2585-4A62-A116-0FB7F1BE74A7}.Debug|Any CPU.ActiveCfg = Debug|Any CPU
		{5DF6117D-2585-4A62-A116-0FB7F1BE74A7}.Debug|Any CPU.Build.0 = Debug|Any CPU
		{5DF6117D-2585-4A62-A116-0FB7F1BE74A7}.Release|Any CPU.ActiveCfg = Release|Any CPU
		{5DF6117D-2585-4A62-A116-0FB7F1BE74A7}.Release|Any CPU.Build.0 = Release|Any CPU
	EndGlobalSection
	GlobalSection(SolutionProperties) = preSolution
		HideSolutionNode = FALSE
	EndGlobalSection
	GlobalSection(ExtensibilityGlobals) = postSolution
		SolutionGuid = {3857832B-B90C-4B86-804C-11D0B6EF094B}
	EndGlobalSection
EndGlobal
