
Microsoft Visual Studio Solution File, Format Version 12.00
# Visual Studio Version 16
VisualStudioVersion = 16.0.31129.286
MinimumVisualStudioVersion = 10.0.40219.1
Project("{FAE04EC0-301F-11D3-BF4B-00C04F79EFBC}") = "Dev005", "Dev005\Dev005.csproj", "{2BC6427F-9F37-45C7-9B0F-98407E36D7D4}"
EndProject
Global
	GlobalSection(SolutionConfigurationPlatforms) = preSolution
		Debug|Any CPU = Debug|Any CPU
		Release|Any CPU = Release|Any CPU
	EndGlobalSection
	GlobalSection(ProjectConfigurationPlatforms) = postSolution
		{2BC6427F-9F37-45C7-9B0F-98407E36D7D4}.Debug|Any CPU.ActiveCfg = Debug|Any CPU
		{2BC6427F-9F37-45C7-9B0F-98407E36D7D4}.Debug|Any CPU.Build.0 = Debug|Any CPU
		{2BC6427F-9F37-45C7-9B0F-98407E36D7D4}.Release|Any CPU.ActiveCfg = Release|Any CPU
		{2BC6427F-9F37-45C7-9B0F-98407E36D7D4}.Release|Any CPU.Build.0 = Release|Any CPU
	EndGlobalSection
	GlobalSection(SolutionProperties) = preSolution
		HideSolutionNode = FALSE
	EndGlobalSection
	GlobalSection(ExtensibilityGlobals) = postSolution
		SolutionGuid = {69A51787-6B80-4464-826C-7E875696967D}
	EndGlobalSection
EndGlobal
