
Microsoft Visual Studio Solution File, Format Version 12.00
# Visual Studio Version 16
VisualStudioVersion = 16.0.31321.278
MinimumVisualStudioVersion = 10.0.40219.1
Project("{FAE04EC0-301F-11D3-BF4B-00C04F79EFBC}") = "Dev008", "Dev008\Dev008.csproj", "{972ADAA5-F24C-49E8-817A-84E17E42E942}"
EndProject
Global
	GlobalSection(SolutionConfigurationPlatforms) = preSolution
		Debug|Any CPU = Debug|Any CPU
		Release|Any CPU = Release|Any CPU
	EndGlobalSection
	GlobalSection(ProjectConfigurationPlatforms) = postSolution
		{972ADAA5-F24C-49E8-817A-84E17E42E942}.Debug|Any CPU.ActiveCfg = Debug|Any CPU
		{972ADAA5-F24C-49E8-817A-84E17E42E942}.Debug|Any CPU.Build.0 = Debug|Any CPU
		{972ADAA5-F24C-49E8-817A-84E17E42E942}.Release|Any CPU.ActiveCfg = Release|Any CPU
		{972ADAA5-F24C-49E8-817A-84E17E42E942}.Release|Any CPU.Build.0 = Release|Any CPU
	EndGlobalSection
	GlobalSection(SolutionProperties) = preSolution
		HideSolutionNode = FALSE
	EndGlobalSection
	GlobalSection(ExtensibilityGlobals) = postSolution
		SolutionGuid = {7FF36D26-077B-42F0-8DF7-52AF97ED2DDC}
	EndGlobalSection
EndGlobal
